{
  "version": 4,
  "terraform_version": "1.11.1",
  "serial": 10,
  "lineage": "1e244d28-0628-9864-e004-1b39b3d3df1c",
  "outputs": {},
  "resources": [
    {
      "mode": "managed",
      "type": "hcloud_server",
      "name": "stow",
      "provider": "provider[\"registry.terraform.io/hetznercloud/hcloud\"]",
      "instances": [
        {
          "schema_version": 0,
          "attributes": {
            "allow_deprecated_images": false,
            "backup_window": "",
            "backups": false,
            "datacenter": "fsn1-dc14",
            "delete_protection": false,
            "firewall_ids": [],
            "id": "61145799",
            "ignore_remote_firewall_ids": false,
            "image": "fedora-41",
            "ipv4_address": "188.34.185.201",
            "ipv6_address": "2a01:4f8:1c17:72a5::1",
            "ipv6_network": "2a01:4f8:1c17:72a5::/64",
            "iso": null,
            "keep_disk": false,
            "labels": null,
            "location": "fsn1",
            "name": "stow",
            "network": [],
            "placement_group_id": 0,
            "primary_disk_size": 40,
            "public_net": [
              {
                "ipv4": 0,
                "ipv4_enabled": true,
                "ipv6": 0,
                "ipv6_enabled": true
              }
            ],
            "rebuild_protection": false,
            "rescue": null,
            "server_type": "cpx11",
            "shutdown_before_deletion": false,
            "ssh_keys": [
              "27847783"
            ],
            "status": "running",
            "timeouts": null,
            "user_data": "ogGo/jbRU63ISHJkYZBx3hV3O5A="
          },
          "sensitive_attributes": [],
          "private": "eyJlMmJmYjczMC1lY2FhLTExZTYtOGY4OC0zNDM2M2JjN2M0YzAiOnsiY3JlYXRlIjo1NDAwMDAwMDAwMDAwfX0=",
          "dependencies": [
            "hcloud_ssh_key.alex"
          ]
        }
      ]
    },
    {
      "mode": "managed",
      "type": "hcloud_ssh_key",
      "name": "alex",
      "provider": "provider[\"registry.terraform.io/hetznercloud/hcloud\"]",
      "instances": [
        {
          "schema_version": 0,
          "attributes": {
            "fingerprint": "e6:e0:d9:3f:3e:54:0f:74:93:34:31:76:f6:37:68:12",
            "id": "27847783",
            "labels": {},
            "name": "alex-laptop",
            "public_key": "ssh-ed25519 AAAAC3NzaC1lZDI1NTE5AAAAIAmm9jDoXxpMFSGUYFUCk56TaPPTxMRdgnTY9FCBwjF3 alex@tpad\n"
          },
          "sensitive_attributes": []
        }
      ]
    }
  ],
  "check_results": null
}
